
Microsoft Visual Studio Solution File, Format Version 12.00
# Visual Studio 15
VisualStudioVersion = 15.0.28307.960
MinimumVisualStudioVersion = 10.0.40219.1
Project("{FAE04EC0-301F-11D3-BF4B-00C04F79EFBC}") = "Senai.InLock.WebApi.DataBaseFirst", "Senai.InLock.WebApi.DataBaseFirst\Senai.InLock.WebApi.DataBaseFirst.csproj", "{4359BC66-B292-4677-8507-4A5915099CCF}"
EndProject
Global
	GlobalSection(SolutionConfigurationPlatforms) = preSolution
		Debug|Any CPU = Debug|Any CPU
		Release|Any CPU = Release|Any CPU
	EndGlobalSection
	GlobalSection(ProjectConfigurationPlatforms) = postSolution
		{4359BC66-B292-4677-8507-4A5915099CCF}.Debug|Any CPU.ActiveCfg = Debug|Any CPU
		{4359BC66-B292-4677-8507-4A5915099CCF}.Debug|Any CPU.Build.0 = Debug|Any CPU
		{4359BC66-B292-4677-8507-4A5915099CCF}.Release|Any CPU.ActiveCfg = Release|Any CPU
		{4359BC66-B292-4677-8507-4A5915099CCF}.Release|Any CPU.Build.0 = Release|Any CPU
	EndGlobalSection
	GlobalSection(SolutionProperties) = preSolution
		HideSolutionNode = FALSE
	EndGlobalSection
	GlobalSection(ExtensibilityGlobals) = postSolution
		SolutionGuid = {8F3B26EE-AE82-4942-8348-019EF06A2078}
	EndGlobalSection
EndGlobal
