
Microsoft Visual Studio Solution File, Format Version 12.00
# Visual Studio 15
VisualStudioVersion = 15.0.28307.960
MinimumVisualStudioVersion = 10.0.40219.1
Project("{FAE04EC0-301F-11D3-BF4B-00C04F79EFBC}") = "Senai.Inlock.WebApi", "Senai.Inlock.WebApi\Senai.Inlock.WebApi.csproj", "{30267F32-5728-4DD3-8312-29FDFD068061}"
EndProject
Global
	GlobalSection(SolutionConfigurationPlatforms) = preSolution
		Debug|Any CPU = Debug|Any CPU
		Release|Any CPU = Release|Any CPU
	EndGlobalSection
	GlobalSection(ProjectConfigurationPlatforms) = postSolution
		{30267F32-5728-4DD3-8312-29FDFD068061}.Debug|Any CPU.ActiveCfg = Debug|Any CPU
		{30267F32-5728-4DD3-8312-29FDFD068061}.Debug|Any CPU.Build.0 = Debug|Any CPU
		{30267F32-5728-4DD3-8312-29FDFD068061}.Release|Any CPU.ActiveCfg = Release|Any CPU
		{30267F32-5728-4DD3-8312-29FDFD068061}.Release|Any CPU.Build.0 = Release|Any CPU
	EndGlobalSection
	GlobalSection(SolutionProperties) = preSolution
		HideSolutionNode = FALSE
	EndGlobalSection
	GlobalSection(ExtensibilityGlobals) = postSolution
		SolutionGuid = {F954F4B2-1F70-496F-983A-AF1611DC4C94}
	EndGlobalSection
EndGlobal
